
Microsoft Visual Studio Solution File, Format Version 12.00
# Visual Studio Version 17
VisualStudioVersion = 17.10.35013.160
MinimumVisualStudioVersion = 10.0.40219.1
Project("{FAE04EC0-301F-11D3-BF4B-00C04F79EFBC}") = "ConsoleApp12", "ConsoleApp12\ConsoleApp12.csproj", "{141B2A27-EA4F-4187-B29B-28F42E3F0145}"
EndProject
Global
	GlobalSection(SolutionConfigurationPlatforms) = preSolution
		Debug|Any CPU = Debug|Any CPU
		Release|Any CPU = Release|Any CPU
	EndGlobalSection
	GlobalSection(ProjectConfigurationPlatforms) = postSolution
		{141B2A27-EA4F-4187-B29B-28F42E3F0145}.Debug|Any CPU.ActiveCfg = Debug|Any CPU
		{141B2A27-EA4F-4187-B29B-28F42E3F0145}.Debug|Any CPU.Build.0 = Debug|Any CPU
		{141B2A27-EA4F-4187-B29B-28F42E3F0145}.Release|Any CPU.ActiveCfg = Release|Any CPU
		{141B2A27-EA4F-4187-B29B-28F42E3F0145}.Release|Any CPU.Build.0 = Release|Any CPU
	EndGlobalSection
	GlobalSection(SolutionProperties) = preSolution
		HideSolutionNode = FALSE
	EndGlobalSection
	GlobalSection(ExtensibilityGlobals) = postSolution
		SolutionGuid = {7783899D-9FE3-4773-8005-B9DE589CEB25}
	EndGlobalSection
EndGlobal
