
Microsoft Visual Studio Solution File, Format Version 12.00
# Visual Studio Version 17
VisualStudioVersion = 17.10.35013.160
MinimumVisualStudioVersion = 10.0.40219.1
Project("{FAE04EC0-301F-11D3-BF4B-00C04F79EFBC}") = "ConsoleApp11", "ConsoleApp11\ConsoleApp11.csproj", "{18E7BD77-8E79-40D6-9F04-357789C86B6C}"
EndProject
Global
	GlobalSection(SolutionConfigurationPlatforms) = preSolution
		Debug|Any CPU = Debug|Any CPU
		Release|Any CPU = Release|Any CPU
	EndGlobalSection
	GlobalSection(ProjectConfigurationPlatforms) = postSolution
		{18E7BD77-8E79-40D6-9F04-357789C86B6C}.Debug|Any CPU.ActiveCfg = Debug|Any CPU
		{18E7BD77-8E79-40D6-9F04-357789C86B6C}.Debug|Any CPU.Build.0 = Debug|Any CPU
		{18E7BD77-8E79-40D6-9F04-357789C86B6C}.Release|Any CPU.ActiveCfg = Release|Any CPU
		{18E7BD77-8E79-40D6-9F04-357789C86B6C}.Release|Any CPU.Build.0 = Release|Any CPU
	EndGlobalSection
	GlobalSection(SolutionProperties) = preSolution
		HideSolutionNode = FALSE
	EndGlobalSection
	GlobalSection(ExtensibilityGlobals) = postSolution
		SolutionGuid = {B062C35D-9ED4-46D3-81DF-424343964EA7}
	EndGlobalSection
EndGlobal
