
Microsoft Visual Studio Solution File, Format Version 12.00
# Visual Studio Version 17
VisualStudioVersion = 17.10.35013.160
MinimumVisualStudioVersion = 10.0.40219.1
Project("{FAE04EC0-301F-11D3-BF4B-00C04F79EFBC}") = "ConsoleApp16", "ConsoleApp16\ConsoleApp16.csproj", "{FCA5FA3B-4E1A-4162-92E7-6877715E8B08}"
EndProject
Global
	GlobalSection(SolutionConfigurationPlatforms) = preSolution
		Debug|Any CPU = Debug|Any CPU
		Release|Any CPU = Release|Any CPU
	EndGlobalSection
	GlobalSection(ProjectConfigurationPlatforms) = postSolution
		{FCA5FA3B-4E1A-4162-92E7-6877715E8B08}.Debug|Any CPU.ActiveCfg = Debug|Any CPU
		{FCA5FA3B-4E1A-4162-92E7-6877715E8B08}.Debug|Any CPU.Build.0 = Debug|Any CPU
		{FCA5FA3B-4E1A-4162-92E7-6877715E8B08}.Release|Any CPU.ActiveCfg = Release|Any CPU
		{FCA5FA3B-4E1A-4162-92E7-6877715E8B08}.Release|Any CPU.Build.0 = Release|Any CPU
	EndGlobalSection
	GlobalSection(SolutionProperties) = preSolution
		HideSolutionNode = FALSE
	EndGlobalSection
	GlobalSection(ExtensibilityGlobals) = postSolution
		SolutionGuid = {56838C7F-9411-4456-9BDD-1E890465BD66}
	EndGlobalSection
EndGlobal
