
Microsoft Visual Studio Solution File, Format Version 12.00
# Visual Studio Version 17
VisualStudioVersion = 17.10.34928.147
MinimumVisualStudioVersion = 10.0.40219.1
Project("{FAE04EC0-301F-11D3-BF4B-00C04F79EFBC}") = "WinFormsApp1", "WinFormsApp1\WinFormsApp1.csproj", "{BA917E2D-C167-40EF-A689-58F7E836F67B}"
EndProject
Global
	GlobalSection(SolutionConfigurationPlatforms) = preSolution
		Debug|Any CPU = Debug|Any CPU
		Release|Any CPU = Release|Any CPU
	EndGlobalSection
	GlobalSection(ProjectConfigurationPlatforms) = postSolution
		{BA917E2D-C167-40EF-A689-58F7E836F67B}.Debug|Any CPU.ActiveCfg = Debug|Any CPU
		{BA917E2D-C167-40EF-A689-58F7E836F67B}.Debug|Any CPU.Build.0 = Debug|Any CPU
		{BA917E2D-C167-40EF-A689-58F7E836F67B}.Release|Any CPU.ActiveCfg = Release|Any CPU
		{BA917E2D-C167-40EF-A689-58F7E836F67B}.Release|Any CPU.Build.0 = Release|Any CPU
	EndGlobalSection
	GlobalSection(SolutionProperties) = preSolution
		HideSolutionNode = FALSE
	EndGlobalSection
	GlobalSection(ExtensibilityGlobals) = postSolution
		SolutionGuid = {BC8BD49A-B16A-4AF0-A9CC-4C72D3145C63}
	EndGlobalSection
EndGlobal
