
Microsoft Visual Studio Solution File, Format Version 12.00
# Visual Studio Version 17
VisualStudioVersion = 17.10.35004.147
MinimumVisualStudioVersion = 10.0.40219.1
Project("{FAE04EC0-301F-11D3-BF4B-00C04F79EFBC}") = "WinFormsApp3", "WinFormsApp3\WinFormsApp3.csproj", "{C46EE004-A210-48A4-8B1E-21142406308E}"
EndProject
Global
	GlobalSection(SolutionConfigurationPlatforms) = preSolution
		Debug|Any CPU = Debug|Any CPU
		Release|Any CPU = Release|Any CPU
	EndGlobalSection
	GlobalSection(ProjectConfigurationPlatforms) = postSolution
		{C46EE004-A210-48A4-8B1E-21142406308E}.Debug|Any CPU.ActiveCfg = Debug|Any CPU
		{C46EE004-A210-48A4-8B1E-21142406308E}.Debug|Any CPU.Build.0 = Debug|Any CPU
		{C46EE004-A210-48A4-8B1E-21142406308E}.Release|Any CPU.ActiveCfg = Release|Any CPU
		{C46EE004-A210-48A4-8B1E-21142406308E}.Release|Any CPU.Build.0 = Release|Any CPU
	EndGlobalSection
	GlobalSection(SolutionProperties) = preSolution
		HideSolutionNode = FALSE
	EndGlobalSection
	GlobalSection(ExtensibilityGlobals) = postSolution
		SolutionGuid = {3D6569F9-FD4A-4549-A8F0-5ABE91895D6B}
	EndGlobalSection
EndGlobal
