
Microsoft Visual Studio Solution File, Format Version 12.00
# Visual Studio Version 17
VisualStudioVersion = 17.8.34525.116
MinimumVisualStudioVersion = 10.0.40219.1
Project("{FAE04EC0-301F-11D3-BF4B-00C04F79EFBC}") = "ConsoleApp5", "ConsoleApp5\ConsoleApp5.csproj", "{B4EAAB11-B427-4D5B-99CA-28AE3EAB1ACE}"
EndProject
Global
	GlobalSection(SolutionConfigurationPlatforms) = preSolution
		Debug|Any CPU = Debug|Any CPU
		Release|Any CPU = Release|Any CPU
	EndGlobalSection
	GlobalSection(ProjectConfigurationPlatforms) = postSolution
		{B4EAAB11-B427-4D5B-99CA-28AE3EAB1ACE}.Debug|Any CPU.ActiveCfg = Debug|Any CPU
		{B4EAAB11-B427-4D5B-99CA-28AE3EAB1ACE}.Debug|Any CPU.Build.0 = Debug|Any CPU
		{B4EAAB11-B427-4D5B-99CA-28AE3EAB1ACE}.Release|Any CPU.ActiveCfg = Release|Any CPU
		{B4EAAB11-B427-4D5B-99CA-28AE3EAB1ACE}.Release|Any CPU.Build.0 = Release|Any CPU
	EndGlobalSection
	GlobalSection(SolutionProperties) = preSolution
		HideSolutionNode = FALSE
	EndGlobalSection
	GlobalSection(ExtensibilityGlobals) = postSolution
		SolutionGuid = {6CD8AA81-D65C-4312-9DA3-B30906B8282D}
	EndGlobalSection
EndGlobal
