
Microsoft Visual Studio Solution File, Format Version 12.00
# Visual Studio Version 17
VisualStudioVersion = 17.10.34928.147
MinimumVisualStudioVersion = 10.0.40219.1
Project("{9A19103F-16F7-4668-BE54-9A1E7A4F7556}") = "WinFormApp2", "WinFormsApp2\WinFormApp2.csproj", "{01E069D9-3A99-47CD-94EF-3CF7B74F7573}"
EndProject
Global
	GlobalSection(SolutionConfigurationPlatforms) = preSolution
		Debug|Any CPU = Debug|Any CPU
		Release|Any CPU = Release|Any CPU
	EndGlobalSection
	GlobalSection(ProjectConfigurationPlatforms) = postSolution
		{01E069D9-3A99-47CD-94EF-3CF7B74F7573}.Debug|Any CPU.ActiveCfg = Debug|Any CPU
		{01E069D9-3A99-47CD-94EF-3CF7B74F7573}.Debug|Any CPU.Build.0 = Debug|Any CPU
		{01E069D9-3A99-47CD-94EF-3CF7B74F7573}.Release|Any CPU.ActiveCfg = Release|Any CPU
		{01E069D9-3A99-47CD-94EF-3CF7B74F7573}.Release|Any CPU.Build.0 = Release|Any CPU
	EndGlobalSection
	GlobalSection(SolutionProperties) = preSolution
		HideSolutionNode = FALSE
	EndGlobalSection
	GlobalSection(ExtensibilityGlobals) = postSolution
		SolutionGuid = {077F7776-599E-48DA-B15A-43C659EAD017}
	EndGlobalSection
EndGlobal
